// !$*UTF8*$!
{
	archiveVersion = 1;
	classes = {
	};
	objectVersion = 77;
	objects = {

/* Begin PBXBuildFile section */
		C100A7482F7C723800E4D328 /* FrameworkTitleView.swift in Sources */ = {isa = PBXBuildFile; fileRef = C100A7472F7C723800E4D328 /* FrameworkTitleView.swift */; };
		C100A74A2F7C729D00E4D328 /* XDismissedButton.swift in Sources */ = {isa = PBXBuildFile; fileRef = C100A7492F7C729D00E4D328 /* XDismissedButton.swift */; };
		C121D01A2F7B19E500DA37FC /* FrameworkDetailView.swift in Sources */ = {isa = PBXBuildFile; fileRef = C121D0192F7B19E500DA37FC /* FrameworkDetailView.swift */; };
		C121D01C2F7B1C3900DA37FC /* AFButton.swift in Sources */ = {isa = PBXBuildFile; fileRef = C121D01B2F7B1C3900DA37FC /* AFButton.swift */; };
		C121D01E2F7B2B9800DA37FC /* FrameworkGridViewModel.swift in Sources */ = {isa = PBXBuildFile; fileRef = C121D01D2F7B2B9800DA37FC /* FrameworkGridViewModel.swift */; };
		C129FC112F7C6E2500F49E0B /* SafariView.swift in Sources */ = {isa = PBXBuildFile; fileRef = C129FC102F7C6E2500F49E0B /* SafariView.swift */; };
		C1E2E4D02F9E95AD005D573F /* FrameworkDetailViewModel.swift in Sources */ = {isa = PBXBuildFile; fileRef = C1E2E4CF2F9E95AD005D573F /* FrameworkDetailViewModel.swift */; };
		C1E4686B2F77380A00D82866 /* Apple_FrameworksApp.swift in Sources */ = {isa = PBXBuildFile; fileRef = C1E468662F77380A00D82866 /* Apple_FrameworksApp.swift */; };
		C1E4686E2F77381D00D82866 /* Framework.swift in Sources */ = {isa = PBXBuildFile; fileRef = C1E4686D2F77381D00D82866 /* Framework.swift */; };
		C1E468702F77395C00D82866 /* Assets.xcassets in Resources */ = {isa = PBXBuildFile; fileRef = C1E4686F2F77395C00D82866 /* Assets.xcassets */; };
		C1E468722F7739A400D82866 /* FrameworkGridView.swift in Sources */ = {isa = PBXBuildFile; fileRef = C1E468712F7739A400D82866 /* FrameworkGridView.swift */; };
/* End PBXBuildFile section */

/* Begin PBXFileReference section */
		C100A7472F7C723800E4D328 /* FrameworkTitleView.swift */ = {isa = PBXFileReference; lastKnownFileType = sourcecode.swift; path = FrameworkTitleView.swift; sourceTree = "<group>"; };
		C100A7492F7C729D00E4D328 /* XDismissedButton.swift */ = {isa = PBXFileReference; lastKnownFileType = sourcecode.swift; path = XDismissedButton.swift; sourceTree = "<group>"; };
		C121D0192F7B19E500DA37FC /* FrameworkDetailView.swift */ = {isa = PBXFileReference; lastKnownFileType = sourcecode.swift; path = FrameworkDetailView.swift; sourceTree = "<group>"; };
		C121D01B2F7B1C3900DA37FC /* AFButton.swift */ = {isa = PBXFileReference; lastKnownFileType = sourcecode.swift; path = AFButton.swift; sourceTree = "<group>"; };
		C121D01D2F7B2B9800DA37FC /* FrameworkGridViewModel.swift */ = {isa = PBXFileReference; lastKnownFileType = sourcecode.swift; path = FrameworkGridViewModel.swift; sourceTree = "<group>"; };
		C129FC102F7C6E2500F49E0B /* SafariView.swift */ = {isa = PBXFileReference; lastKnownFileType = sourcecode.swift; path = SafariView.swift; sourceTree = "<group>"; };
		C1E2E4CF2F9E95AD005D573F /* FrameworkDetailViewModel.swift */ = {isa = PBXFileReference; lastKnownFileType = sourcecode.swift; path = FrameworkDetailViewModel.swift; sourceTree = "<group>"; };
		C1E468582F7737CB00D82866 /* Apple-Frameworks.app */ = {isa = PBXFileReference; explicitFileType = wrapper.application; includeInIndex = 0; path = "Apple-Frameworks.app"; sourceTree = BUILT_PRODUCTS_DIR; };
		C1E468662F77380A00D82866 /* Apple_FrameworksApp.swift */ = {isa = PBXFileReference; lastKnownFileType = sourcecode.swift; path = Apple_FrameworksApp.swift; sourceTree = "<group>"; };
		C1E4686D2F77381D00D82866 /* Framework.swift */ = {isa = PBXFileReference; lastKnownFileType = sourcecode.swift; path = Framework.swift; sourceTree = "<group>"; };
		C1E4686F2F77395C00D82866 /* Assets.xcassets */ = {isa = PBXFileReference; lastKnownFileType = folder.assetcatalog; path = Assets.xcassets; sourceTree = "<group>"; };
		C1E468712F7739A400D82866 /* FrameworkGridView.swift */ = {isa = PBXFileReference; lastKnownFileType = sourcecode.swift; path = FrameworkGridView.swift; sourceTree = "<group>"; };
/* End PBXFileReference section */

/* Begin PBXFrameworksBuildPhase section */
		C1E468552F7737CB00D82866 /* Frameworks */ = {
			isa = PBXFrameworksBuildPhase;
			buildActionMask = 2147483647;
			files = (
			);
			runOnlyForDeploymentPostprocessing = 0;
		};
/* End PBXFrameworksBuildPhase section */

/* Begin PBXGroup section */
		C100A74B2F7C759000E4D328 /* Screens */ = {
			isa = PBXGroup;
			children = (
				C100A74C2F7C759900E4D328 /* FrameworkGridView */,
				C100A74D2F7C759900E4D328 /* FrameworkDetailView */,
			);
			path = Screens;
			sourceTree = "<group>";
		};
		C100A74C2F7C759900E4D328 /* FrameworkGridView */ = {
			isa = PBXGroup;
			children = (
				C1E468712F7739A400D82866 /* FrameworkGridView.swift */,
				C121D01D2F7B2B9800DA37FC /* FrameworkGridViewModel.swift */,
			);
			path = FrameworkGridView;
			sourceTree = "<group>";
		};
		C100A74D2F7C759900E4D328 /* FrameworkDetailView */ = {
			isa = PBXGroup;
			children = (
				C121D0192F7B19E500DA37FC /* FrameworkDetailView.swift */,
				C1E2E4CF2F9E95AD005D573F /* FrameworkDetailViewModel.swift */,
			);
			path = FrameworkDetailView;
			sourceTree = "<group>";
		};
		C100A74E2F7C762E00E4D328 /* Model */ = {
			isa = PBXGroup;
			children = (
				C1E4686D2F77381D00D82866 /* Framework.swift */,
			);
			path = Model;
			sourceTree = "<group>";
		};
		C100A74F2F7C764C00E4D328 /* Views */ = {
			isa = PBXGroup;
			children = (
				C100A7512F7C766B00E4D328 /* View */,
				C100A7502F7C764F00E4D328 /* Buttons */,
			);
			path = Views;
			sourceTree = "<group>";
		};
		C100A7502F7C764F00E4D328 /* Buttons */ = {
			isa = PBXGroup;
			children = (
				C121D01B2F7B1C3900DA37FC /* AFButton.swift */,
				C100A7492F7C729D00E4D328 /* XDismissedButton.swift */,
			);
			path = Buttons;
			sourceTree = "<group>";
		};
		C100A7512F7C766B00E4D328 /* View */ = {
			isa = PBXGroup;
			children = (
				C100A7472F7C723800E4D328 /* FrameworkTitleView.swift */,
			);
			path = View;
			sourceTree = "<group>";
		};
		C100A7522F7C767A00E4D328 /* UIKit Components */ = {
			isa = PBXGroup;
			children = (
				C129FC102F7C6E2500F49E0B /* SafariView.swift */,
			);
			path = "UIKit Components";
			sourceTree = "<group>";
		};
		C1E4684F2F7737CB00D82866 = {
			isa = PBXGroup;
			children = (
				C1E468692F77380A00D82866 /* Apple-Frameworks */,
				C1E468592F7737CB00D82866 /* Products */,
			);
			sourceTree = "<group>";
		};
		C1E468592F7737CB00D82866 /* Products */ = {
			isa = PBXGroup;
			children = (
				C1E468582F7737CB00D82866 /* Apple-Frameworks.app */,
			);
			name = Products;
			sourceTree = "<group>";
		};
		C1E468692F77380A00D82866 /* Apple-Frameworks */ = {
			isa = PBXGroup;
			children = (
				C1E468662F77380A00D82866 /* Apple_FrameworksApp.swift */,
				C100A7522F7C767A00E4D328 /* UIKit Components */,
				C100A74F2F7C764C00E4D328 /* Views */,
				C100A74E2F7C762E00E4D328 /* Model */,
				C100A74B2F7C759000E4D328 /* Screens */,
				C1E4686F2F77395C00D82866 /* Assets.xcassets */,
			);
			path = "Apple-Frameworks";
			sourceTree = "<group>";
		};
/* End PBXGroup section */

/* Begin PBXNativeTarget section */
		C1E468572F7737CB00D82866 /* Apple-Frameworks */ = {
			isa = PBXNativeTarget;
			buildConfigurationList = C1E468632F7737CC00D82866 /* Build configuration list for PBXNativeTarget "Apple-Frameworks" */;
			buildPhases = (
				C1E468542F7737CB00D82866 /* Sources */,
				C1E468552F7737CB00D82866 /* Frameworks */,
				C1E468562F7737CB00D82866 /* Resources */,
			);
			buildRules = (
			);
			dependencies = (
			);
			name = "Apple-Frameworks";
			packageProductDependencies = (
			);
			productName = "Apple-Frameworks";
			productReference = C1E468582F7737CB00D82866 /* Apple-Frameworks.app */;
			productType = "com.apple.product-type.application";
		};
/* End PBXNativeTarget section */

/* Begin PBXProject section */
		C1E468502F7737CB00D82866 /* Project object */ = {
			isa = PBXProject;
			attributes = {
				BuildIndependentTargetsInParallel = 1;
				LastSwiftUpdateCheck = 2620;
				LastUpgradeCheck = 2620;
				TargetAttributes = {
					C1E468572F7737CB00D82866 = {
						CreatedOnToolsVersion = 26.2;
					};
				};
			};
			buildConfigurationList = C1E468532F7737CB00D82866 /* Build configuration list for PBXProject "Apple-Frameworks" */;
			developmentRegion = en;
			hasScannedForEncodings = 0;
			knownRegions = (
				en,
				Base,
			);
			mainGroup = C1E4684F2F7737CB00D82866;
			minimizedProjectReferenceProxies = 1;
			preferredProjectObjectVersion = 77;
			productRefGroup = C1E468592F7737CB00D82866 /* Products */;
			projectDirPath = "";
			projectRoot = "";
			targets = (
				C1E468572F7737CB00D82866 /* Apple-Frameworks */,
			);
		};
/* End PBXProject section */

/* Begin PBXResourcesBuildPhase section */
		C1E468562F7737CB00D82866 /* Resources */ = {
			isa = PBXResourcesBuildPhase;
			buildActionMask = 2147483647;
			files = (
				C1E468702F77395C00D82866 /* Assets.xcassets in Resources */,
			);
			runOnlyForDeploymentPostprocessing = 0;
		};
/* End PBXResourcesBuildPhase section */

/* Begin PBXSourcesBuildPhase section */
		C1E468542F7737CB00D82866 /* Sources */ = {
			isa = PBXSourcesBuildPhase;
			buildActionMask = 2147483647;
			files = (
				C1E2E4D02F9E95AD005D573F /* FrameworkDetailViewModel.swift in Sources */,
				C1E468722F7739A400D82866 /* FrameworkGridView.swift in Sources */,
				C1E4686B2F77380A00D82866 /* Apple_FrameworksApp.swift in Sources */,
				C1E4686E2F77381D00D82866 /* Framework.swift in Sources */,
				C121D01C2F7B1C3900DA37FC /* AFButton.swift in Sources */,
				C100A74A2F7C729D00E4D328 /* XDismissedButton.swift in Sources */,
				C121D01A2F7B19E500DA37FC /* FrameworkDetailView.swift in Sources */,
				C121D01E2F7B2B9800DA37FC /* FrameworkGridViewModel.swift in Sources */,
				C100A7482F7C723800E4D328 /* FrameworkTitleView.swift in Sources */,
				C129FC112F7C6E2500F49E0B /* SafariView.swift in Sources */,
			);
			runOnlyForDeploymentPostprocessing = 0;
		};
/* End PBXSourcesBuildPhase section */

/* Begin XCBuildConfiguration section */
		C1E468612F7737CC00D82866 /* Debug */ = {
			isa = XCBuildConfiguration;
			buildSettings = {
				ALWAYS_SEARCH_USER_PATHS = NO;
				ASSETCATALOG_COMPILER_GENERATE_SWIFT_ASSET_SYMBOL_EXTENSIONS = YES;
				CLANG_ANALYZER_NONNULL = YES;
				CLANG_ANALYZER_NUMBER_OBJECT_CONVERSION = YES_AGGRESSIVE;
				CLANG_CXX_LANGUAGE_STANDARD = "gnu++20";
				CLANG_ENABLE_MODULES = YES;
				CLANG_ENABLE_OBJC_ARC = YES;
				CLANG_ENABLE_OBJC_WEAK = YES;
				CLANG_WARN_BLOCK_CAPTURE_AUTORELEASING = YES;
				CLANG_WARN_BOOL_CONVERSION = YES;
				CLANG_WARN_COMMA = YES;
				CLANG_WARN_CONSTANT_CONVERSION = YES;
				CLANG_WARN_DEPRECATED_OBJC_IMPLEMENTATIONS = YES;
				CLANG_WARN_DIRECT_OBJC_ISA_USAGE = YES_ERROR;
				CLANG_WARN_DOCUMENTATION_COMMENTS = YES;
				CLANG_WARN_EMPTY_BODY = YES;
				CLANG_WARN_ENUM_CONVERSION = YES;
				CLANG_WARN_INFINITE_RECURSION = YES;
				CLANG_WARN_INT_CONVERSION = YES;
				CLANG_WARN_NON_LITERAL_NULL_CONVERSION = YES;
				CLANG_WARN_OBJC_IMPLICIT_RETAIN_SELF = YES;
				CLANG_WARN_OBJC_LITERAL_CONVERSION = YES;
				CLANG_WARN_OBJC_ROOT_CLASS = YES_ERROR;
				CLANG_WARN_QUOTED_INCLUDE_IN_FRAMEWORK_HEADER = YES;
				CLANG_WARN_RANGE_LOOP_ANALYSIS = YES;
				CLANG_WARN_STRICT_PROTOTYPES = YES;
				CLANG_WARN_SUSPICIOUS_MOVE = YES;
				CLANG_WARN_UNGUARDED_AVAILABILITY = YES_AGGRESSIVE;
				CLANG_WARN_UNREACHABLE_CODE = YES;
				CLANG_WARN__DUPLICATE_METHOD_MATCH = YES;
				COPY_PHASE_STRIP = NO;
				DEBUG_INFORMATION_FORMAT = dwarf;
				DEVELOPMENT_TEAM = 232C7N3DDY;
				ENABLE_STRICT_OBJC_MSGSEND = YES;
				ENABLE_TESTABILITY = YES;
				ENABLE_USER_SCRIPT_SANDBOXING = YES;
				GCC_C_LANGUAGE_STANDARD = gnu17;
				GCC_DYNAMIC_NO_PIC = NO;
				GCC_NO_COMMON_BLOCKS = YES;
				GCC_OPTIMIZATION_LEVEL = 0;
				GCC_PREPROCESSOR_DEFINITIONS = (
					"DEBUG=1",
					"$(inherited)",
				);
				GCC_WARN_64_TO_32_BIT_CONVERSION = YES;
				GCC_WARN_ABOUT_RETURN_TYPE = YES_ERROR;
				GCC_WARN_UNDECLARED_SELECTOR = YES;
				GCC_WARN_UNINITIALIZED_AUTOS = YES_AGGRESSIVE;
				GCC_WARN_UNUSED_FUNCTION = YES;
				GCC_WARN_UNUSED_VARIABLE = YES;
				IPHONEOS_DEPLOYMENT_TARGET = 26.2;
				LOCALIZATION_PREFERS_STRING_CATALOGS = YES;
				MTL_ENABLE_DEBUG_INFO = INCLUDE_SOURCE;
				MTL_FAST_MATH = YES;
				ONLY_ACTIVE_ARCH = YES;
				SDKROOT = iphoneos;
				SWIFT_ACTIVE_COMPILATION_CONDITIONS = "DEBUG $(inherited)";
				SWIFT_OPTIMIZATION_LEVEL = "-Onone";
			};
			name = Debug;
		};
		C1E468622F7737CC00D82866 /* Release */ = {
			isa = XCBuildConfiguration;
			buildSettings = {
				ALWAYS_SEARCH_USER_PATHS = NO;
				ASSETCATALOG_COMPILER_GENERATE_SWIFT_ASSET_SYMBOL_EXTENSIONS = YES;
				CLANG_ANALYZER_NONNULL = YES;
				CLANG_ANALYZER_NUMBER_OBJECT_CONVERSION = YES_AGGRESSIVE;
				CLANG_CXX_LANGUAGE_STANDARD = "gnu++20";
				CLANG_ENABLE_MODULES = YES;
				CLANG_ENABLE_OBJC_ARC = YES;
				CLANG_ENABLE_OBJC_WEAK = YES;
				CLANG_WARN_BLOCK_CAPTURE_AUTORELEASING = YES;
				CLANG_WARN_BOOL_CONVERSION = YES;
				CLANG_WARN_COMMA = YES;
				CLANG_WARN_CONSTANT_CONVERSION = YES;
				CLANG_WARN_DEPRECATED_OBJC_IMPLEMENTATIONS = YES;
				CLANG_WARN_DIRECT_OBJC_ISA_USAGE = YES_ERROR;
				CLANG_WARN_DOCUMENTATION_COMMENTS = YES;
				CLANG_WARN_EMPTY_BODY = YES;
				CLANG_WARN_ENUM_CONVERSION = YES;
				CLANG_WARN_INFINITE_RECURSION = YES;
				CLANG_WARN_INT_CONVERSION = YES;
				CLANG_WARN_NON_LITERAL_NULL_CONVERSION = YES;
				CLANG_WARN_OBJC_IMPLICIT_RETAIN_SELF = YES;
				CLANG_WARN_OBJC_LITERAL_CONVERSION = YES;
				CLANG_WARN_OBJC_ROOT_CLASS = YES_ERROR;
				CLANG_WARN_QUOTED_INCLUDE_IN_FRAMEWORK_HEADER = YES;
				CLANG_WARN_RANGE_LOOP_ANALYSIS = YES;
				CLANG_WARN_STRICT_PROTOTYPES = YES;
				CLANG_WARN_SUSPICIOUS_MOVE = YES;
				CLANG_WARN_UNGUARDED_AVAILABILITY = YES_AGGRESSIVE;
				CLANG_WARN_UNREACHABLE_CODE = YES;
				CLANG_WARN__DUPLICATE_METHOD_MATCH = YES;
				COPY_PHASE_STRIP = NO;
				DEBUG_INFORMATION_FORMAT = "dwarf-with-dsym";
				DEVELOPMENT_TEAM = 232C7N3DDY;
				ENABLE_NS_ASSERTIONS = NO;
				ENABLE_STRICT_OBJC_MSGSEND = YES;
				ENABLE_USER_SCRIPT_SANDBOXING = YES;
				GCC_C_LANGUAGE_STANDARD = gnu17;
				GCC_NO_COMMON_BLOCKS = YES;
				GCC_WARN_64_TO_32_BIT_CONVERSION = YES;
				GCC_WARN_ABOUT_RETURN_TYPE = YES_ERROR;
				GCC_WARN_UNDECLARED_SELECTOR = YES;
				GCC_WARN_UNINITIALIZED_AUTOS = YES_AGGRESSIVE;
				GCC_WARN_UNUSED_FUNCTION = YES;
				GCC_WARN_UNUSED_VARIABLE = YES;
				IPHONEOS_DEPLOYMENT_TARGET = 26.2;
				LOCALIZATION_PREFERS_STRING_CATALOGS = YES;
				MTL_ENABLE_DEBUG_INFO = NO;
				MTL_FAST_MATH = YES;
				SDKROOT = iphoneos;
				SWIFT_COMPILATION_MODE = wholemodule;
				VALIDATE_PRODUCT = YES;
			};
			name = Release;
		};
		C1E468642F7737CC00D82866 /* Debug */ = {
			isa = XCBuildConfiguration;
			buildSettings = {
				ASSETCATALOG_COMPILER_APPICON_NAME = AppIcon;
				ASSETCATALOG_COMPILER_GLOBAL_ACCENT_COLOR_NAME = AccentColor;
				CODE_SIGN_STYLE = Automatic;
				CURRENT_PROJECT_VERSION = 1;
				DEVELOPMENT_TEAM = 232C7N3DDY;
				ENABLE_PREVIEWS = YES;
				GENERATE_INFOPLIST_FILE = YES;
				INFOPLIST_KEY_UIApplicationSceneManifest_Generation = YES;
				INFOPLIST_KEY_UIApplicationSupportsIndirectInputEvents = YES;
				INFOPLIST_KEY_UILaunchScreen_Generation = YES;
				INFOPLIST_KEY_UISupportedInterfaceOrientations_iPad = "UIInterfaceOrientationPortrait UIInterfaceOrientationPortraitUpsideDown UIInterfaceOrientationLandscapeLeft UIInterfaceOrientationLandscapeRight";
				INFOPLIST_KEY_UISupportedInterfaceOrientations_iPhone = "UIInterfaceOrientationPortrait UIInterfaceOrientationLandscapeLeft UIInterfaceOrientationLandscapeRight";
				LD_RUNPATH_SEARCH_PATHS = (
					"$(inherited)",
					"@executable_path/Frameworks",
				);
				MARKETING_VERSION = 1.0;
				PRODUCT_BUNDLE_IDENTIFIER = "com.Apple-Frameworks";
				PRODUCT_NAME = "$(TARGET_NAME)";
				STRING_CATALOG_GENERATE_SYMBOLS = YES;
				SWIFT_APPROACHABLE_CONCURRENCY = YES;
				SWIFT_DEFAULT_ACTOR_ISOLATION = MainActor;
				SWIFT_EMIT_LOC_STRINGS = YES;
				SWIFT_UPCOMING_FEATURE_MEMBER_IMPORT_VISIBILITY = YES;
				SWIFT_VERSION = 5.0;
				TARGETED_DEVICE_FAMILY = "1,2";
			};
			name = Debug;
		};
		C1E468652F7737CC00D82866 /* Release */ = {
			isa = XCBuildConfiguration;
			buildSettings = {
				ASSETCATALOG_COMPILER_APPICON_NAME = AppIcon;
				ASSETCATALOG_COMPILER_GLOBAL_ACCENT_COLOR_NAME = AccentColor;
				CODE_SIGN_STYLE = Automatic;
				CURRENT_PROJECT_VERSION = 1;
				DEVELOPMENT_TEAM = 232C7N3DDY;
				ENABLE_PREVIEWS = YES;
				GENERATE_INFOPLIST_FILE = YES;
				INFOPLIST_KEY_UIApplicationSceneManifest_Generation = YES;
				INFOPLIST_KEY_UIApplicationSupportsIndirectInputEvents = YES;
				INFOPLIST_KEY_UILaunchScreen_Generation = YES;
				INFOPLIST_KEY_UISupportedInterfaceOrientations_iPad = "UIInterfaceOrientationPortrait UIInterfaceOrientationPortraitUpsideDown UIInterfaceOrientationLandscapeLeft UIInterfaceOrientationLandscapeRight";
				INFOPLIST_KEY_UISupportedInterfaceOrientations_iPhone = "UIInterfaceOrientationPortrait UIInterfaceOrientationLandscapeLeft UIInterfaceOrientationLandscapeRight";
				LD_RUNPATH_SEARCH_PATHS = (
					"$(inherited)",
					"@executable_path/Frameworks",
				);
				MARKETING_VERSION = 1.0;
				PRODUCT_BUNDLE_IDENTIFIER = "com.Apple-Frameworks";
				PRODUCT_NAME = "$(TARGET_NAME)";
				STRING_CATALOG_GENERATE_SYMBOLS = YES;
				SWIFT_APPROACHABLE_CONCURRENCY = YES;
				SWIFT_DEFAULT_ACTOR_ISOLATION = MainActor;
				SWIFT_EMIT_LOC_STRINGS = YES;
				SWIFT_UPCOMING_FEATURE_MEMBER_IMPORT_VISIBILITY = YES;
				SWIFT_VERSION = 5.0;
				TARGETED_DEVICE_FAMILY = "1,2";
			};
			name = Release;
		};
/* End XCBuildConfiguration section */

/* Begin XCConfigurationList section */
		C1E468532F7737CB00D82866 /* Build configuration list for PBXProject "Apple-Frameworks" */ = {
			isa = XCConfigurationList;
			buildConfigurations = (
				C1E468612F7737CC00D82866 /* Debug */,
				C1E468622F7737CC00D82866 /* Release */,
			);
			defaultConfigurationIsVisible = 0;
			defaultConfigurationName = Release;
		};
		C1E468632F7737CC00D82866 /* Build configuration list for PBXNativeTarget "Apple-Frameworks" */ = {
			isa = XCConfigurationList;
			buildConfigurations = (
				C1E468642F7737CC00D82866 /* Debug */,
				C1E468652F7737CC00D82866 /* Release */,
			);
			defaultConfigurationIsVisible = 0;
			defaultConfigurationName = Release;
		};
/* End XCConfigurationList section */
	};
	rootObject = C1E468502F7737CB00D82866 /* Project object */;
}
